version = 1
revision = 3
requires-python = "==3.12.*"

[[package]]
name = "cython"
version = "3.2.1"
source = { registry = "https://pypi.org/simple" }
sdist = { url = "https://files.pythonhosted.org/packages/83/36/cce2972e13e83ffe58bc73bfd9d37340b5e5113e8243841a57511c7ae1c2/cython-3.2.1.tar.gz", hash = "sha256:2be1e4d0cbdf7f4cd4d9b8284a034e1989b59fd060f6bd4d24bf3729394d2ed8", size = 3270455, upload-time = "2025-11-12T19:02:59.847Z" }
wheels = [
    { url = "https://files.pythonhosted.org/packages/ee/0e/19d5041b87f98ed19c94c388607cd27c1f7458078c3bad5de2dead55b2e1/cython-3.2.1-cp312-cp312-macosx_11_0_arm64.whl", hash = "sha256:ea5097d97afd2ab14e98637b7033eba5146de29a5dedf89f5e946076396ab891", size = 2966736, upload-time = "2025-11-12T19:03:25.064Z" },
    { url = "https://files.pythonhosted.org/packages/84/b8/bcc36d9d2464348106984956608a52a42a01ab44ea64031207dffdebc078/cython-3.2.1-cp312-cp312-manylinux2014_aarch64.manylinux_2_17_aarch64.manylinux_2_28_aarch64.whl", hash = "sha256:a4bf12de0475bb6a21e2336a4a04dc4a2b4dd0507a2a3c703e045f3484266605", size = 3221633, upload-time = "2025-11-12T19:03:26.754Z" },
    { url = "https://files.pythonhosted.org/packages/79/20/7d4807fe4ebcef9f20f2e5f93312d0f5d02f9f76524fd4e37706d04e83f7/cython-3.2.1-cp312-cp312-manylinux2014_x86_64.manylinux_2_17_x86_64.manylinux_2_28_x86_64.whl", hash = "sha256:18c64a0f69a1b8164de70ec7efc72250c589fec21519170de21582300f6aaed9", size = 3389542, upload-time = "2025-11-12T19:03:28.656Z" },
    { url = "https://files.pythonhosted.org/packages/2a/92/b06ba6721299293bc41e89732070132c453bdbaaeabb8f8cc76851b75345/cython-3.2.1-cp312-cp312-win_amd64.whl", hash = "sha256:5ba14907d5826d8010e82306ce279a0d3650f5b50a4813c80836a17b2213c520", size = 2755307, upload-time = "2025-11-12T19:03:30.684Z" },
    { url = "https://files.pythonhosted.org/packages/5a/7e/1194f4ba98b981bbdca945a292e4f49e87ea09d69516b24445409e7cf611/cython-3.2.1-cp39-abi3-macosx_10_9_x86_64.whl", hash = "sha256:4e9167316bf6ecfea33dcca62f074605648fb93cc053ef46b5deb3e5d12fc0d3", size = 2872858, upload-time = "2025-11-12T19:03:55.074Z" },
    { url = "https://files.pythonhosted.org/packages/6b/1a/393ca8ffec7ad3f02b8e4bffaba3dba4fb62c4a1c4c0b6dbf3b80e709fe3/cython-3.2.1-cp39-abi3-manylinux1_i686.manylinux_2_28_i686.manylinux_2_5_i686.whl", hash = "sha256:3095df6cd470064742f428c937bed7200c5123b9e19ee04aa09ec61281e565a3", size = 3209664, upload-time = "2025-11-12T19:03:56.771Z" },
    { url = "https://files.pythonhosted.org/packages/37/57/f209f64c609d3d8fac60a572e56da2f621dc1789e399c58db61d5645a31f/cython-3.2.1-cp39-abi3-manylinux2014_armv7l.manylinux_2_17_armv7l.manylinux_2_31_armv7l.whl", hash = "sha256:db3f53b2d9afb206075a2605f1150aa019f0733c7795a38eccc6119c2e9c3f7b", size = 2854607, upload-time = "2025-11-12T19:03:59.413Z" },
    { url = "https://files.pythonhosted.org/packages/fc/af/1e5c73fe52423f40776130b0be914fd9f9f8dc26c4f6ea4c2ed04772d558/cython-3.2.1-cp39-abi3-musllinux_1_2_aarch64.whl", hash = "sha256:0fc5e7687ac8f8e2b2fb95648f43e9e074ebaa72fd5cb3d8e20e5f1e8b8e02d9", size = 2991567, upload-time = "2025-11-12T19:04:02.209Z" },
    { url = "https://files.pythonhosted.org/packages/39/2c/3ea175b6b1fdfb429f9e9c395240d894155b3c0615caced05fef43264cba/cython-3.2.1-cp39-abi3-musllinux_1_2_armv7l.whl", hash = "sha256:bbb3bc152bc0de82b031c8d355418fa4890a92424209d59366c2c0bc9e6cf53c", size = 2889178, upload-time = "2025-11-12T19:04:05.272Z" },
    { url = "https://files.pythonhosted.org/packages/f1/88/b2ab22a3a3feac78c62354a823c5c0c33659909e9918f53aa05904532b4b/cython-3.2.1-cp39-abi3-musllinux_1_2_i686.whl", hash = "sha256:a2022bc48ad0c2c0e0485bf0b54902913a3d81086b7d435f4437620c667799f6", size = 3223755, upload-time = "2025-11-12T19:04:07.262Z" },
    { url = "https://files.pythonhosted.org/packages/0b/56/9ba58629a03cbffb5965a3c65ccd91fa683d95d588c21a875da72fdc249b/cython-3.2.1-cp39-abi3-musllinux_1_2_x86_64.whl", hash = "sha256:99fdd4ffc2dcb513f4be9ce71c6fedd895b96b1f814655b6bbab196df497b090", size = 3113456, upload-time = "2025-11-12T19:04:09.175Z" },
    { url = "https://files.pythonhosted.org/packages/56/5b/148c1a7ea5aebe460a70cad716a77e5fd0205be2de9fc5250491eb13ad8c/cython-3.2.1-cp39-abi3-win32.whl", hash = "sha256:06071f85bd5ce040464d43b2f9f287742a79f905e81b709fe904567230f1ed51", size = 2434223, upload-time = "2025-11-12T19:04:11.294Z" },
    { url = "https://files.pythonhosted.org/packages/7a/54/bb9b0c9db2a92a5e93747ca3027cfc645741411f8f1c6af2fb2a7b82df5d/cython-3.2.1-cp39-abi3-win_arm64.whl", hash = "sha256:e87c131d59480aee1ebac622b64f287c0e1d665ad1a1b7d498ac48accdb36c6b", size = 2439268, upload-time = "2025-11-12T19:04:12.931Z" },
    { url = "https://files.pythonhosted.org/packages/aa/30/373775b8d933d781d055c1dd0f110f275a101f320dab724c8c63a7c1b945/cython-3.2.1-py3-none-any.whl", hash = "sha256:cd72c46e7bffe8250c52d400e72c8d5d3086437b6aeec5b0eca99ccd337f5834", size = 1254219, upload-time = "2025-11-12T19:02:56.14Z" },
]

[[package]]
name = "libclang"
version = "18.1.1"
source = { registry = "https://pypi.org/simple" }
sdist = { url = "https://files.pythonhosted.org/packages/6e/5c/ca35e19a4f142adffa27e3d652196b7362fa612243e2b916845d801454fc/libclang-18.1.1.tar.gz", hash = "sha256:a1214966d08d73d971287fc3ead8dfaf82eb07fb197680d8b3859dbbbbf78250", size = 39612, upload-time = "2024-03-17T16:04:37.434Z" }
wheels = [
    { url = "https://files.pythonhosted.org/packages/4b/49/f5e3e7e1419872b69f6f5e82ba56e33955a74bd537d8a1f5f1eff2f3668a/libclang-18.1.1-1-py2.py3-none-macosx_11_0_arm64.whl", hash = "sha256:0b2e143f0fac830156feb56f9231ff8338c20aecfe72b4ffe96f19e5a1dbb69a", size = 25836045, upload-time = "2024-06-30T17:40:31.646Z" },
    { url = "https://files.pythonhosted.org/packages/e2/e5/fc61bbded91a8830ccce94c5294ecd6e88e496cc85f6704bf350c0634b70/libclang-18.1.1-py2.py3-none-macosx_10_9_x86_64.whl", hash = "sha256:6f14c3f194704e5d09769108f03185fce7acaf1d1ae4bbb2f30a72c2400cb7c5", size = 26502641, upload-time = "2024-03-18T15:52:26.722Z" },
    { url = "https://files.pythonhosted.org/packages/db/ed/1df62b44db2583375f6a8a5e2ca5432bbdc3edb477942b9b7c848c720055/libclang-18.1.1-py2.py3-none-macosx_11_0_arm64.whl", hash = "sha256:83ce5045d101b669ac38e6da8e58765f12da2d3aafb3b9b98d88b286a60964d8", size = 26420207, upload-time = "2024-03-17T15:00:26.63Z" },
    { url = "https://files.pythonhosted.org/packages/1d/fc/716c1e62e512ef1c160e7984a73a5fc7df45166f2ff3f254e71c58076f7c/libclang-18.1.1-py2.py3-none-manylinux2010_x86_64.whl", hash = "sha256:c533091d8a3bbf7460a00cb6c1a71da93bffe148f172c7d03b1c31fbf8aa2a0b", size = 24515943, upload-time = "2024-03-17T16:03:45.942Z" },
    { url = "https://files.pythonhosted.org/packages/3c/3d/f0ac1150280d8d20d059608cf2d5ff61b7c3b7f7bcf9c0f425ab92df769a/libclang-18.1.1-py2.py3-none-manylinux2014_aarch64.whl", hash = "sha256:54dda940a4a0491a9d1532bf071ea3ef26e6dbaf03b5000ed94dd7174e8f9592", size = 23784972, upload-time = "2024-03-17T16:12:47.677Z" },
    { url = "https://files.pythonhosted.org/packages/fe/2f/d920822c2b1ce9326a4c78c0c2b4aa3fde610c7ee9f631b600acb5376c26/libclang-18.1.1-py2.py3-none-manylinux2014_armv7l.whl", hash = "sha256:cf4a99b05376513717ab5d82a0db832c56ccea4fd61a69dbb7bccf2dfb207dbe", size = 20259606, upload-time = "2024-03-17T16:17:42.437Z" },
    { url = "https://files.pythonhosted.org/packages/2d/c2/de1db8c6d413597076a4259cea409b83459b2db997c003578affdd32bf66/libclang-18.1.1-py2.py3-none-musllinux_1_2_x86_64.whl", hash = "sha256:69f8eb8f65c279e765ffd28aaa7e9e364c776c17618af8bff22a8df58677ff4f", size = 24921494, upload-time = "2024-03-17T16:14:20.132Z" },
    { url = "https://files.pythonhosted.org/packages/0b/2d/3f480b1e1d31eb3d6de5e3ef641954e5c67430d5ac93b7fa7e07589576c7/libclang-18.1.1-py2.py3-none-win_amd64.whl", hash = "sha256:4dd2d3b82fab35e2bf9ca717d7b63ac990a3519c7e312f19fa8e86dcc712f7fb", size = 26415083, upload-time = "2024-03-17T16:42:21.703Z" },
    { url = "https://files.pythonhosted.org/packages/71/cf/e01dc4cc79779cd82d77888a88ae2fa424d93b445ad4f6c02bfc18335b70/libclang-18.1.1-py2.py3-none-win_arm64.whl", hash = "sha256:3f0e1f49f04d3cd198985fea0511576b0aee16f9ff0e0f0cad7f9c57ec3c20e8", size = 22361112, upload-time = "2024-03-17T16:42:59.565Z" },
]

[[package]]
name = "sdl3"
version = "0.1.0"
source = { virtual = "." }
dependencies = [
    { name = "cython" },
    { name = "libclang" },
    { name = "setuptools" },
]

[package.metadata]
requires-dist = [
    { name = "cython", specifier = ">=3.2.1" },
    { name = "libclang", specifier = ">=18.1.1" },
    { name = "setuptools", specifier = ">=80.9.0" },
]

[[package]]
name = "setuptools"
version = "80.9.0"
source = { registry = "https://pypi.org/simple" }
sdist = { url = "https://files.pythonhosted.org/packages/18/5d/3bf57dcd21979b887f014ea83c24ae194cfcd12b9e0fda66b957c69d1fca/setuptools-80.9.0.tar.gz", hash = "sha256:f36b47402ecde768dbfafc46e8e4207b4360c654f1f3bb84475f0a28628fb19c", size = 1319958, upload-time = "2025-05-27T00:56:51.443Z" }
wheels = [
    { url = "https://files.pythonhosted.org/packages/a3/dc/17031897dae0efacfea57dfd3a82fdd2a2aeb58e0ff71b77b87e44edc772/setuptools-80.9.0-py3-none-any.whl", hash = "sha256:062d34222ad13e0cc312a4c02d73f059e86a4acbfbdea8f8f76b28c99f306922", size = 1201486, upload-time = "2025-05-27T00:56:49.664Z" },
]
